// !$*UTF8*$!
{
	archiveVersion = 1;
	classes = {
	};
	objectVersion = 50;
	objects = {

/* Begin PBXBuildFile section */
		0C4E18EC249360D100CA608A /* AppDelegate.swift in Sources */ = {isa = PBXBuildFile; fileRef = 0C4E18EB249360D100CA608A /* AppDelegate.swift */; };
		0C4E18EE249360D100CA608A /* SceneDelegate.swift in Sources */ = {isa = PBXBuildFile; fileRef = 0C4E18ED249360D100CA608A /* SceneDelegate.swift */; };
		0C4E18F0249360D100CA608A /* ViewController.swift in Sources */ = {isa = PBXBuildFile; fileRef = 0C4E18EF249360D100CA608A /* ViewController.swift */; };
		0C4E18F3249360D100CA608A /* Main.storyboard in Resources */ = {isa = PBXBuildFile; fileRef = 0C4E18F1249360D100CA608A /* Main.storyboard */; };
		0C4E18F5249360DC00CA608A /* Assets.xcassets in Resources */ = {isa = PBXBuildFile; fileRef = 0C4E18F4249360DC00CA608A /* Assets.xcassets */; };
		0C4E18F8249360DC00CA608A /* LaunchScreen.storyboard in Resources */ = {isa = PBXBuildFile; fileRef = 0C4E18F6249360DC00CA608A /* LaunchScreen.storyboard */; };
		0C4E194D249372D700CA608A /* MessageFilterKit.h in Headers */ = {isa = PBXBuildFile; fileRef = 0C4E194B249372D700CA608A /* MessageFilterKit.h */; settings = {ATTRIBUTES = (Public, ); }; };
		0C4E1950249372D700CA608A /* MessageFilterKit.framework in Frameworks */ = {isa = PBXBuildFile; fileRef = 0C4E1949249372D700CA608A /* MessageFilterKit.framework */; };
		0C4E1951249372D700CA608A /* MessageFilterKit.framework in Embed Frameworks */ = {isa = PBXBuildFile; fileRef = 0C4E1949249372D700CA608A /* MessageFilterKit.framework */; settings = {ATTRIBUTES = (CodeSignOnCopy, RemoveHeadersOnCopy, ); }; };
		0C4E1955249372E200CA608A /* MessageFilterManager.swift in Sources */ = {isa = PBXBuildFile; fileRef = 0C4E1942249371D000CA608A /* MessageFilterManager.swift */; };
		0C4E195824937B0900CA608A /* DataStoreManager.swift in Sources */ = {isa = PBXBuildFile; fileRef = 0C4E195724937B0900CA608A /* DataStoreManager.swift */; };
/* End PBXBuildFile section */

/* Begin PBXContainerItemProxy section */
		0C4E194E249372D700CA608A /* PBXContainerItemProxy */ = {
			isa = PBXContainerItemProxy;
			containerPortal = 0C4E18E0249360D100CA608A /* Project object */;
			proxyType = 1;
			remoteGlobalIDString = 0C4E1948249372D700CA608A;
			remoteInfo = MessageFilterKit;
		};
/* End PBXContainerItemProxy section */

/* Begin PBXCopyFilesBuildPhase section */
		0C4E193F24936F8900CA608A /* Embed Frameworks */ = {
			isa = PBXCopyFilesBuildPhase;
			buildActionMask = 2147483647;
			dstPath = "";
			dstSubfolderSpec = 10;
			files = (
				0C4E1951249372D700CA608A /* MessageFilterKit.framework in Embed Frameworks */,
			);
			name = "Embed Frameworks";
			runOnlyForDeploymentPostprocessing = 0;
		};
/* End PBXCopyFilesBuildPhase section */

/* Begin PBXFileReference section */
		0C4E18E8249360D100CA608A /* MessageFilter.app */ = {isa = PBXFileReference; explicitFileType = wrapper.application; includeInIndex = 0; path = MessageFilter.app; sourceTree = BUILT_PRODUCTS_DIR; };
		0C4E18EB249360D100CA608A /* AppDelegate.swift */ = {isa = PBXFileReference; lastKnownFileType = sourcecode.swift; path = AppDelegate.swift; sourceTree = "<group>"; };
		0C4E18ED249360D100CA608A /* SceneDelegate.swift */ = {isa = PBXFileReference; lastKnownFileType = sourcecode.swift; path = SceneDelegate.swift; sourceTree = "<group>"; };
		0C4E18EF249360D100CA608A /* ViewController.swift */ = {isa = PBXFileReference; lastKnownFileType = sourcecode.swift; path = ViewController.swift; sourceTree = "<group>"; };
		0C4E18F2249360D100CA608A /* Base */ = {isa = PBXFileReference; lastKnownFileType = file.storyboard; name = Base; path = Base.lproj/Main.storyboard; sourceTree = "<group>"; };
		0C4E18F4249360DC00CA608A /* Assets.xcassets */ = {isa = PBXFileReference; lastKnownFileType = folder.assetcatalog; path = Assets.xcassets; sourceTree = "<group>"; };
		0C4E18F7249360DC00CA608A /* Base */ = {isa = PBXFileReference; lastKnownFileType = file.storyboard; name = Base; path = Base.lproj/LaunchScreen.storyboard; sourceTree = "<group>"; };
		0C4E18F9249360DC00CA608A /* Info.plist */ = {isa = PBXFileReference; lastKnownFileType = text.plist.xml; path = Info.plist; sourceTree = "<group>"; };
		0C4E1942249371D000CA608A /* MessageFilterManager.swift */ = {isa = PBXFileReference; lastKnownFileType = sourcecode.swift; path = MessageFilterManager.swift; sourceTree = "<group>"; };
		0C4E1949249372D700CA608A /* MessageFilterKit.framework */ = {isa = PBXFileReference; explicitFileType = wrapper.framework; includeInIndex = 0; path = MessageFilterKit.framework; sourceTree = BUILT_PRODUCTS_DIR; };
		0C4E194B249372D700CA608A /* MessageFilterKit.h */ = {isa = PBXFileReference; lastKnownFileType = sourcecode.c.h; path = MessageFilterKit.h; sourceTree = "<group>"; };
		0C4E194C249372D700CA608A /* Info.plist */ = {isa = PBXFileReference; lastKnownFileType = text.plist.xml; path = Info.plist; sourceTree = "<group>"; };
		0C4E195624937A1500CA608A /* MessageFilter.entitlements */ = {isa = PBXFileReference; lastKnownFileType = text.plist.entitlements; path = MessageFilter.entitlements; sourceTree = "<group>"; };
		0C4E195724937B0900CA608A /* DataStoreManager.swift */ = {isa = PBXFileReference; lastKnownFileType = sourcecode.swift; path = DataStoreManager.swift; sourceTree = "<group>"; };
/* End PBXFileReference section */

/* Begin PBXFrameworksBuildPhase section */
		0C4E18E5249360D100CA608A /* Frameworks */ = {
			isa = PBXFrameworksBuildPhase;
			buildActionMask = 2147483647;
			files = (
				0C4E1950249372D700CA608A /* MessageFilterKit.framework in Frameworks */,
			);
			runOnlyForDeploymentPostprocessing = 0;
		};
		0C4E1946249372D700CA608A /* Frameworks */ = {
			isa = PBXFrameworksBuildPhase;
			buildActionMask = 2147483647;
			files = (
			);
			runOnlyForDeploymentPostprocessing = 0;
		};
/* End PBXFrameworksBuildPhase section */

/* Begin PBXGroup section */
		0C4E18DF249360D100CA608A = {
			isa = PBXGroup;
			children = (
				0C4E18EA249360D100CA608A /* MessageFilter */,
				0C4E194A249372D700CA608A /* MessageFilterKit */,
				0C4E18E9249360D100CA608A /* Products */,
			);
			sourceTree = "<group>";
		};
		0C4E18E9249360D100CA608A /* Products */ = {
			isa = PBXGroup;
			children = (
				0C4E18E8249360D100CA608A /* MessageFilter.app */,
				0C4E1949249372D700CA608A /* MessageFilterKit.framework */,
			);
			name = Products;
			sourceTree = "<group>";
		};
		0C4E18EA249360D100CA608A /* MessageFilter */ = {
			isa = PBXGroup;
			children = (
				0C4E195624937A1500CA608A /* MessageFilter.entitlements */,
				0C4E18EB249360D100CA608A /* AppDelegate.swift */,
				0C4E18ED249360D100CA608A /* SceneDelegate.swift */,
				0C4E18EF249360D100CA608A /* ViewController.swift */,
				0C4E18F1249360D100CA608A /* Main.storyboard */,
				0C4E18F4249360DC00CA608A /* Assets.xcassets */,
				0C4E18F6249360DC00CA608A /* LaunchScreen.storyboard */,
				0C4E18F9249360DC00CA608A /* Info.plist */,
			);
			path = MessageFilter;
			sourceTree = "<group>";
		};
		0C4E194A249372D700CA608A /* MessageFilterKit */ = {
			isa = PBXGroup;
			children = (
				0C4E194B249372D700CA608A /* MessageFilterKit.h */,
				0C4E1942249371D000CA608A /* MessageFilterManager.swift */,
				0C4E195724937B0900CA608A /* DataStoreManager.swift */,
				0C4E194C249372D700CA608A /* Info.plist */,
			);
			path = MessageFilterKit;
			sourceTree = "<group>";
		};
/* End PBXGroup section */

/* Begin PBXHeadersBuildPhase section */
		0C4E1944249372D700CA608A /* Headers */ = {
			isa = PBXHeadersBuildPhase;
			buildActionMask = 2147483647;
			files = (
				0C4E194D249372D700CA608A /* MessageFilterKit.h in Headers */,
			);
			runOnlyForDeploymentPostprocessing = 0;
		};
/* End PBXHeadersBuildPhase section */

/* Begin PBXNativeTarget section */
		0C4E18E7249360D100CA608A /* MessageFilter */ = {
			isa = PBXNativeTarget;
			buildConfigurationList = 0C4E18FC249360DC00CA608A /* Build configuration list for PBXNativeTarget "MessageFilter" */;
			buildPhases = (
				0C4E18E4249360D100CA608A /* Sources */,
				0C4E18E5249360D100CA608A /* Frameworks */,
				0C4E18E6249360D100CA608A /* Resources */,
				0C4E193F24936F8900CA608A /* Embed Frameworks */,
			);
			buildRules = (
			);
			dependencies = (
				0C4E194F249372D700CA608A /* PBXTargetDependency */,
			);
			name = MessageFilter;
			productName = MessageFilter;
			productReference = 0C4E18E8249360D100CA608A /* MessageFilter.app */;
			productType = "com.apple.product-type.application";
		};
		0C4E1948249372D700CA608A /* MessageFilterKit */ = {
			isa = PBXNativeTarget;
			buildConfigurationList = 0C4E1952249372D700CA608A /* Build configuration list for PBXNativeTarget "MessageFilterKit" */;
			buildPhases = (
				0C4E1944249372D700CA608A /* Headers */,
				0C4E1945249372D700CA608A /* Sources */,
				0C4E1946249372D700CA608A /* Frameworks */,
				0C4E1947249372D700CA608A /* Resources */,
			);
			buildRules = (
			);
			dependencies = (
			);
			name = MessageFilterKit;
			productName = MessageFilterKit;
			productReference = 0C4E1949249372D700CA608A /* MessageFilterKit.framework */;
			productType = "com.apple.product-type.framework";
		};
/* End PBXNativeTarget section */

/* Begin PBXProject section */
		0C4E18E0249360D100CA608A /* Project object */ = {
			isa = PBXProject;
			attributes = {
				LastSwiftUpdateCheck = 1110;
				LastUpgradeCheck = 1110;
				ORGANIZATIONNAME = zhaoyang;
				TargetAttributes = {
					0C4E18E7249360D100CA608A = {
						CreatedOnToolsVersion = 11.1;
					};
					0C4E1948249372D700CA608A = {
						CreatedOnToolsVersion = 11.1;
					};
				};
			};
			buildConfigurationList = 0C4E18E3249360D100CA608A /* Build configuration list for PBXProject "MessageFilter" */;
			compatibilityVersion = "Xcode 9.3";
			developmentRegion = en;
			hasScannedForEncodings = 0;
			knownRegions = (
				en,
				Base,
			);
			mainGroup = 0C4E18DF249360D100CA608A;
			productRefGroup = 0C4E18E9249360D100CA608A /* Products */;
			projectDirPath = "";
			projectRoot = "";
			targets = (
				0C4E18E7249360D100CA608A /* MessageFilter */,
				0C4E1948249372D700CA608A /* MessageFilterKit */,
			);
		};
/* End PBXProject section */

/* Begin PBXResourcesBuildPhase section */
		0C4E18E6249360D100CA608A /* Resources */ = {
			isa = PBXResourcesBuildPhase;
			buildActionMask = 2147483647;
			files = (
				0C4E18F8249360DC00CA608A /* LaunchScreen.storyboard in Resources */,
				0C4E18F5249360DC00CA608A /* Assets.xcassets in Resources */,
				0C4E18F3249360D100CA608A /* Main.storyboard in Resources */,
			);
			runOnlyForDeploymentPostprocessing = 0;
		};
		0C4E1947249372D700CA608A /* Resources */ = {
			isa = PBXResourcesBuildPhase;
			buildActionMask = 2147483647;
			files = (
			);
			runOnlyForDeploymentPostprocessing = 0;
		};
/* End PBXResourcesBuildPhase section */

/* Begin PBXSourcesBuildPhase section */
		0C4E18E4249360D100CA608A /* Sources */ = {
			isa = PBXSourcesBuildPhase;
			buildActionMask = 2147483647;
			files = (
				0C4E18F0249360D100CA608A /* ViewController.swift in Sources */,
				0C4E18EC249360D100CA608A /* AppDelegate.swift in Sources */,
				0C4E18EE249360D100CA608A /* SceneDelegate.swift in Sources */,
			);
			runOnlyForDeploymentPostprocessing = 0;
		};
		0C4E1945249372D700CA608A /* Sources */ = {
			isa = PBXSourcesBuildPhase;
			buildActionMask = 2147483647;
			files = (
				0C4E1955249372E200CA608A /* MessageFilterManager.swift in Sources */,
				0C4E195824937B0900CA608A /* DataStoreManager.swift in Sources */,
			);
			runOnlyForDeploymentPostprocessing = 0;
		};
/* End PBXSourcesBuildPhase section */

/* Begin PBXTargetDependency section */
		0C4E194F249372D700CA608A /* PBXTargetDependency */ = {
			isa = PBXTargetDependency;
			target = 0C4E1948249372D700CA608A /* MessageFilterKit */;
			targetProxy = 0C4E194E249372D700CA608A /* PBXContainerItemProxy */;
		};
/* End PBXTargetDependency section */

/* Begin PBXVariantGroup section */
		0C4E18F1249360D100CA608A /* Main.storyboard */ = {
			isa = PBXVariantGroup;
			children = (
				0C4E18F2249360D100CA608A /* Base */,
			);
			name = Main.storyboard;
			sourceTree = "<group>";
		};
		0C4E18F6249360DC00CA608A /* LaunchScreen.storyboard */ = {
			isa = PBXVariantGroup;
			children = (
				0C4E18F7249360DC00CA608A /* Base */,
			);
			name = LaunchScreen.storyboard;
			sourceTree = "<group>";
		};
/* End PBXVariantGroup section */

/* Begin XCBuildConfiguration section */
		0C4E18FA249360DC00CA608A /* Debug */ = {
			isa = XCBuildConfiguration;
			buildSettings = {
				ALWAYS_SEARCH_USER_PATHS = NO;
				CLANG_ANALYZER_NONNULL = YES;
				CLANG_ANALYZER_NUMBER_OBJECT_CONVERSION = YES_AGGRESSIVE;
				CLANG_CXX_LANGUAGE_STANDARD = "gnu++14";
				CLANG_CXX_LIBRARY = "libc++";
				CLANG_ENABLE_MODULES = YES;
				CLANG_ENABLE_OBJC_ARC = YES;
				CLANG_ENABLE_OBJC_WEAK = YES;
				CLANG_WARN_BLOCK_CAPTURE_AUTORELEASING = YES;
				CLANG_WARN_BOOL_CONVERSION = YES;
				CLANG_WARN_COMMA = YES;
				CLANG_WARN_CONSTANT_CONVERSION = YES;
				CLANG_WARN_DEPRECATED_OBJC_IMPLEMENTATIONS = YES;
				CLANG_WARN_DIRECT_OBJC_ISA_USAGE = YES_ERROR;
				CLANG_WARN_DOCUMENTATION_COMMENTS = YES;
				CLANG_WARN_EMPTY_BODY = YES;
				CLANG_WARN_ENUM_CONVERSION = YES;
				CLANG_WARN_INFINITE_RECURSION = YES;
				CLANG_WARN_INT_CONVERSION = YES;
				CLANG_WARN_NON_LITERAL_NULL_CONVERSION = YES;
				CLANG_WARN_OBJC_IMPLICIT_RETAIN_SELF = YES;
				CLANG_WARN_OBJC_LITERAL_CONVERSION = YES;
				CLANG_WARN_OBJC_ROOT_CLASS = YES_ERROR;
				CLANG_WARN_RANGE_LOOP_ANALYSIS = YES;
				CLANG_WARN_STRICT_PROTOTYPES = YES;
				CLANG_WARN_SUSPICIOUS_MOVE = YES;
				CLANG_WARN_UNGUARDED_AVAILABILITY = YES_AGGRESSIVE;
				CLANG_WARN_UNREACHABLE_CODE = YES;
				CLANG_WARN__DUPLICATE_METHOD_MATCH = YES;
				COPY_PHASE_STRIP = NO;
				DEBUG_INFORMATION_FORMAT = dwarf;
				ENABLE_STRICT_OBJC_MSGSEND = YES;
				ENABLE_TESTABILITY = YES;
				GCC_C_LANGUAGE_STANDARD = gnu11;
				GCC_DYNAMIC_NO_PIC = NO;
				GCC_NO_COMMON_BLOCKS = YES;
				GCC_OPTIMIZATION_LEVEL = 0;
				GCC_PREPROCESSOR_DEFINITIONS = (
					"DEBUG=1",
					"$(inherited)",
				);
				GCC_WARN_64_TO_32_BIT_CONVERSION = YES;
				GCC_WARN_ABOUT_RETURN_TYPE = YES_ERROR;
				GCC_WARN_UNDECLARED_SELECTOR = YES;
				GCC_WARN_UNINITIALIZED_AUTOS = YES_AGGRESSIVE;
				GCC_WARN_UNUSED_FUNCTION = YES;
				GCC_WARN_UNUSED_VARIABLE = YES;
				IPHONEOS_DEPLOYMENT_TARGET = 13.1;
				MTL_ENABLE_DEBUG_INFO = INCLUDE_SOURCE;
				MTL_FAST_MATH = YES;
				ONLY_ACTIVE_ARCH = YES;
				SDKROOT = iphoneos;
				SWIFT_ACTIVE_COMPILATION_CONDITIONS = DEBUG;
				SWIFT_OPTIMIZATION_LEVEL = "-Onone";
			};
			name = Debug;
		};
		0C4E18FB249360DC00CA608A /* Release */ = {
			isa = XCBuildConfiguration;
			buildSettings = {
				ALWAYS_SEARCH_USER_PATHS = NO;
				CLANG_ANALYZER_NONNULL = YES;
				CLANG_ANALYZER_NUMBER_OBJECT_CONVERSION = YES_AGGRESSIVE;
				CLANG_CXX_LANGUAGE_STANDARD = "gnu++14";
				CLANG_CXX_LIBRARY = "libc++";
				CLANG_ENABLE_MODULES = YES;
				CLANG_ENABLE_OBJC_ARC = YES;
				CLANG_ENABLE_OBJC_WEAK = YES;
				CLANG_WARN_BLOCK_CAPTURE_AUTORELEASING = YES;
				CLANG_WARN_BOOL_CONVERSION = YES;
				CLANG_WARN_COMMA = YES;
				CLANG_WARN_CONSTANT_CONVERSION = YES;
				CLANG_WARN_DEPRECATED_OBJC_IMPLEMENTATIONS = YES;
				CLANG_WARN_DIRECT_OBJC_ISA_USAGE = YES_ERROR;
				CLANG_WARN_DOCUMENTATION_COMMENTS = YES;
				CLANG_WARN_EMPTY_BODY = YES;
				CLANG_WARN_ENUM_CONVERSION = YES;
				CLANG_WARN_INFINITE_RECURSION = YES;
				CLANG_WARN_INT_CONVERSION = YES;
				CLANG_WARN_NON_LITERAL_NULL_CONVERSION = YES;
				CLANG_WARN_OBJC_IMPLICIT_RETAIN_SELF = YES;
				CLANG_WARN_OBJC_LITERAL_CONVERSION = YES;
				CLANG_WARN_OBJC_ROOT_CLASS = YES_ERROR;
				CLANG_WARN_RANGE_LOOP_ANALYSIS = YES;
				CLANG_WARN_STRICT_PROTOTYPES = YES;
				CLANG_WARN_SUSPICIOUS_MOVE = YES;
				CLANG_WARN_UNGUARDED_AVAILABILITY = YES_AGGRESSIVE;
				CLANG_WARN_UNREACHABLE_CODE = YES;
				CLANG_WARN__DUPLICATE_METHOD_MATCH = YES;
				COPY_PHASE_STRIP = NO;
				DEBUG_INFORMATION_FORMAT = "dwarf-with-dsym";
				ENABLE_NS_ASSERTIONS = NO;
				ENABLE_STRICT_OBJC_MSGSEND = YES;
				GCC_C_LANGUAGE_STANDARD = gnu11;
				GCC_NO_COMMON_BLOCKS = YES;
				GCC_WARN_64_TO_32_BIT_CONVERSION = YES;
				GCC_WARN_ABOUT_RETURN_TYPE = YES_ERROR;
				GCC_WARN_UNDECLARED_SELECTOR = YES;
				GCC_WARN_UNINITIALIZED_AUTOS = YES_AGGRESSIVE;
				GCC_WARN_UNUSED_FUNCTION = YES;
				GCC_WARN_UNUSED_VARIABLE = YES;
				IPHONEOS_DEPLOYMENT_TARGET = 13.1;
				MTL_ENABLE_DEBUG_INFO = NO;
				MTL_FAST_MATH = YES;
				SDKROOT = iphoneos;
				SWIFT_COMPILATION_MODE = wholemodule;
				SWIFT_OPTIMIZATION_LEVEL = "-O";
				VALIDATE_PRODUCT = YES;
			};
			name = Release;
		};
		0C4E18FD249360DC00CA608A /* Debug */ = {
			isa = XCBuildConfiguration;
			buildSettings = {
				ALWAYS_EMBED_SWIFT_STANDARD_LIBRARIES = YES;
				ASSETCATALOG_COMPILER_APPICON_NAME = AppIcon;
				CODE_SIGN_ENTITLEMENTS = MessageFilter/MessageFilter.entitlements;
				CODE_SIGN_IDENTITY = "iPhone Developer";
				CODE_SIGN_STYLE = Manual;
				DEVELOPMENT_TEAM = ZMX4C3B995;
				INFOPLIST_FILE = MessageFilter/Info.plist;
				IPHONEOS_DEPLOYMENT_TARGET = 13.0;
				LD_RUNPATH_SEARCH_PATHS = (
					"$(inherited)",
					"@executable_path/Frameworks",
				);
				PRODUCT_BUNDLE_IDENTIFIER = com.bankcomm.maidanba;
				PRODUCT_NAME = "$(TARGET_NAME)";
				PROVISIONING_PROFILE_SPECIFIER = mandanba_PF;
				SWIFT_VERSION = 5.0;
				TARGETED_DEVICE_FAMILY = 1;
			};
			name = Debug;
		};
		0C4E18FE249360DC00CA608A /* Release */ = {
			isa = XCBuildConfiguration;
			buildSettings = {
				ALWAYS_EMBED_SWIFT_STANDARD_LIBRARIES = YES;
				ASSETCATALOG_COMPILER_APPICON_NAME = AppIcon;
				CODE_SIGN_ENTITLEMENTS = MessageFilter/MessageFilter.entitlements;
				CODE_SIGN_IDENTITY = "iPhone Developer";
				CODE_SIGN_STYLE = Manual;
				DEVELOPMENT_TEAM = ZMX4C3B995;
				INFOPLIST_FILE = MessageFilter/Info.plist;
				IPHONEOS_DEPLOYMENT_TARGET = 13.0;
				LD_RUNPATH_SEARCH_PATHS = (
					"$(inherited)",
					"@executable_path/Frameworks",
				);
				PRODUCT_BUNDLE_IDENTIFIER = com.bankcomm.maidanba;
				PRODUCT_NAME = "$(TARGET_NAME)";
				PROVISIONING_PROFILE_SPECIFIER = mandanba_PF;
				SWIFT_VERSION = 5.0;
				TARGETED_DEVICE_FAMILY = 1;
			};
			name = Release;
		};
		0C4E1953249372D700CA608A /* Debug */ = {
			isa = XCBuildConfiguration;
			buildSettings = {
				CODE_SIGN_STYLE = Manual;
				CURRENT_PROJECT_VERSION = 1;
				DEFINES_MODULE = YES;
				DEVELOPMENT_TEAM = "";
				DYLIB_COMPATIBILITY_VERSION = 1;
				DYLIB_CURRENT_VERSION = 1;
				DYLIB_INSTALL_NAME_BASE = "@rpath";
				INFOPLIST_FILE = MessageFilterKit/Info.plist;
				INSTALL_PATH = "$(LOCAL_LIBRARY_DIR)/Frameworks";
				IPHONEOS_DEPLOYMENT_TARGET = 13.0;
				LD_RUNPATH_SEARCH_PATHS = (
					"$(inherited)",
					"@executable_path/Frameworks",
					"@loader_path/Frameworks",
				);
				PRODUCT_BUNDLE_IDENTIFIER = com.bankcomm.maidanbaKit;
				PRODUCT_NAME = "$(TARGET_NAME:c99extidentifier)";
				PROVISIONING_PROFILE_SPECIFIER = "";
				SKIP_INSTALL = YES;
				SUPPORTS_MACCATALYST = NO;
				SWIFT_VERSION = 5.0;
				TARGETED_DEVICE_FAMILY = 1;
				VERSIONING_SYSTEM = "apple-generic";
				VERSION_INFO_PREFIX = "";
			};
			name = Debug;
		};
		0C4E1954249372D700CA608A /* Release */ = {
			isa = XCBuildConfiguration;
			buildSettings = {
				CODE_SIGN_STYLE = Manual;
				CURRENT_PROJECT_VERSION = 1;
				DEFINES_MODULE = YES;
				DEVELOPMENT_TEAM = "";
				DYLIB_COMPATIBILITY_VERSION = 1;
				DYLIB_CURRENT_VERSION = 1;
				DYLIB_INSTALL_NAME_BASE = "@rpath";
				INFOPLIST_FILE = MessageFilterKit/Info.plist;
				INSTALL_PATH = "$(LOCAL_LIBRARY_DIR)/Frameworks";
				IPHONEOS_DEPLOYMENT_TARGET = 13.0;
				LD_RUNPATH_SEARCH_PATHS = (
					"$(inherited)",
					"@executable_path/Frameworks",
					"@loader_path/Frameworks",
				);
				PRODUCT_BUNDLE_IDENTIFIER = com.bankcomm.maidanbaKit;
				PRODUCT_NAME = "$(TARGET_NAME:c99extidentifier)";
				PROVISIONING_PROFILE_SPECIFIER = "";
				SKIP_INSTALL = YES;
				SUPPORTS_MACCATALYST = NO;
				SWIFT_VERSION = 5.0;
				TARGETED_DEVICE_FAMILY = 1;
				VERSIONING_SYSTEM = "apple-generic";
				VERSION_INFO_PREFIX = "";
			};
			name = Release;
		};
/* End XCBuildConfiguration section */

/* Begin XCConfigurationList section */
		0C4E18E3249360D100CA608A /* Build configuration list for PBXProject "MessageFilter" */ = {
			isa = XCConfigurationList;
			buildConfigurations = (
				0C4E18FA249360DC00CA608A /* Debug */,
				0C4E18FB249360DC00CA608A /* Release */,
			);
			defaultConfigurationIsVisible = 0;
			defaultConfigurationName = Release;
		};
		0C4E18FC249360DC00CA608A /* Build configuration list for PBXNativeTarget "MessageFilter" */ = {
			isa = XCConfigurationList;
			buildConfigurations = (
				0C4E18FD249360DC00CA608A /* Debug */,
				0C4E18FE249360DC00CA608A /* Release */,
			);
			defaultConfigurationIsVisible = 0;
			defaultConfigurationName = Release;
		};
		0C4E1952249372D700CA608A /* Build configuration list for PBXNativeTarget "MessageFilterKit" */ = {
			isa = XCConfigurationList;
			buildConfigurations = (
				0C4E1953249372D700CA608A /* Debug */,
				0C4E1954249372D700CA608A /* Release */,
			);
			defaultConfigurationIsVisible = 0;
			defaultConfigurationName = Release;
		};
/* End XCConfigurationList section */
	};
	rootObject = 0C4E18E0249360D100CA608A /* Project object */;
}
